# This file is automatically @generated by Poetry 1.6.1 and should not be changed by hand.

[[package]]
name = "appdirs"
version = "1.4.4"
description = "A small Python module for determining appropriate platform-specific dirs, e.g. a \"user data dir\"."
optional = false
python-versions = "*"
files = [
    {file = "appdirs-1.4.4-py2.py3-none-any.whl", hash = "sha256:a841dacd6b99318a741b166adb07e19ee71a274450e68237b4650ca1055ab128"},
    {file = "appdirs-1.4.4.tar.gz", hash = "sha256:7d5d0167b2b1ba821647616af46a749d1c653740dd0d2415100fe26e27afdf41"},
]

[[package]]
name = "attrdict3"
version = "2.0.2"
description = "A dict with attribute-style access"
optional = false
python-versions = "*"
files = [
    {file = "attrdict3-2.0.2-py2.py3-none-any.whl", hash = "sha256:a98b72de6a3f20b0997cc7efbba3555af6558ed9a97de4468a3f81cac11595dc"},
    {file = "attrdict3-2.0.2.tar.gz", hash = "sha256:004c171ca1120cc1755701db99d7fa4944afb1e68950434efdaa542513335fe8"},
]

[package.dependencies]
six = "*"

[[package]]
name = "certifi"
version = "2023.7.22"
description = "Python package for providing Mozilla's CA Bundle."
optional = false
python-versions = ">=3.6"
files = [
    {file = "certifi-2023.7.22-py3-none-any.whl", hash = "sha256:92d6037539857d8206b8f6ae472e8b77db8058fec5937a1ef3f54304089edbb9"},
    {file = "certifi-2023.7.22.tar.gz", hash = "sha256:539cc1d13202e33ca466e88b2807e29f4c13049d6d87031a3c110744495cb082"},
]

[[package]]
name = "charset-normalizer"
version = "3.3.1"
description = "The Real First Universal Charset Detector. Open, modern and actively maintained alternative to Chardet."
optional = false
python-versions = ">=3.7.0"
files = [
    {file = "charset-normalizer-3.3.1.tar.gz", hash = "sha256:d9137a876020661972ca6eec0766d81aef8a5627df628b664b234b73396e727e"},
    {file = "charset_normalizer-3.3.1-cp310-cp310-macosx_10_9_universal2.whl", hash = "sha256:8aee051c89e13565c6bd366813c386939f8e928af93c29fda4af86d25b73d8f8"},
    {file = "charset_normalizer-3.3.1-cp310-cp310-macosx_10_9_x86_64.whl", hash = "sha256:352a88c3df0d1fa886562384b86f9a9e27563d4704ee0e9d56ec6fcd270ea690"},
    {file = "charset_normalizer-3.3.1-cp310-cp310-macosx_11_0_arm64.whl", hash = "sha256:223b4d54561c01048f657fa6ce41461d5ad8ff128b9678cfe8b2ecd951e3f8a2"},
    {file = "charset_normalizer-3.3.1-cp310-cp310-manylinux_2_17_aarch64.manylinux2014_aarch64.whl", hash = "sha256:4f861d94c2a450b974b86093c6c027888627b8082f1299dfd5a4bae8e2292821"},
    {file = "charset_normalizer-3.3.1-cp310-cp310-manylinux_2_17_ppc64le.manylinux2014_ppc64le.whl", hash = "sha256:1171ef1fc5ab4693c5d151ae0fdad7f7349920eabbaca6271f95969fa0756c2d"},
    {file = "charset_normalizer-3.3.1-cp310-cp310-manylinux_2_17_s390x.manylinux2014_s390x.whl", hash = "sha256:28f512b9a33235545fbbdac6a330a510b63be278a50071a336afc1b78781b147"},
    {file = "charset_normalizer-3.3.1-cp310-cp310-manylinux_2_17_x86_64.manylinux2014_x86_64.whl", hash = "sha256:c0e842112fe3f1a4ffcf64b06dc4c61a88441c2f02f373367f7b4c1aa9be2ad5"},
    {file = "charset_normalizer-3.3.1-cp310-cp310-manylinux_2_5_i686.manylinux1_i686.manylinux_2_17_i686.manylinux2014_i686.whl", hash = "sha256:3f9bc2ce123637a60ebe819f9fccc614da1bcc05798bbbaf2dd4ec91f3e08846"},
    {file = "charset_normalizer-3.3.1-cp310-cp310-musllinux_1_1_aarch64.whl", hash = "sha256:f194cce575e59ffe442c10a360182a986535fd90b57f7debfaa5c845c409ecc3"},
    {file = "charset_normalizer-3.3.1-cp310-cp310-musllinux_1_1_i686.whl", hash = "sha256:9a74041ba0bfa9bc9b9bb2cd3238a6ab3b7618e759b41bd15b5f6ad958d17605"},
    {file = "charset_normalizer-3.3.1-cp310-cp310-musllinux_1_1_ppc64le.whl", hash = "sha256:b578cbe580e3b41ad17b1c428f382c814b32a6ce90f2d8e39e2e635d49e498d1"},
    {file = "charset_normalizer-3.3.1-cp310-cp310-musllinux_1_1_s390x.whl", hash = "sha256:6db3cfb9b4fcecb4390db154e75b49578c87a3b9979b40cdf90d7e4b945656e1"},
    {file = "charset_normalizer-3.3.1-cp310-cp310-musllinux_1_1_x86_64.whl", hash = "sha256:debb633f3f7856f95ad957d9b9c781f8e2c6303ef21724ec94bea2ce2fcbd056"},
    {file = "charset_normalizer-3.3.1-cp310-cp310-win32.whl", hash = "sha256:87071618d3d8ec8b186d53cb6e66955ef2a0e4fa63ccd3709c0c90ac5a43520f"},
    {file = "charset_normalizer-3.3.1-cp310-cp310-win_amd64.whl", hash = "sha256:e372d7dfd154009142631de2d316adad3cc1c36c32a38b16a4751ba78da2a397"},
    {file = "charset_normalizer-3.3.1-cp311-cp311-macosx_10_9_universal2.whl", hash = "sha256:ae4070f741f8d809075ef697877fd350ecf0b7c5837ed68738607ee0a2c572cf"},
    {file = "charset_normalizer-3.3.1-cp311-cp311-macosx_10_9_x86_64.whl", hash = "sha256:58e875eb7016fd014c0eea46c6fa92b87b62c0cb31b9feae25cbbe62c919f54d"},
    {file = "charset_normalizer-3.3.1-cp311-cp311-macosx_11_0_arm64.whl", hash = "sha256:dbd95e300367aa0827496fe75a1766d198d34385a58f97683fe6e07f89ca3e3c"},
    {file = "charset_normalizer-3.3.1-cp311-cp311-manylinux_2_17_aarch64.manylinux2014_aarch64.whl", hash = "sha256:de0b4caa1c8a21394e8ce971997614a17648f94e1cd0640fbd6b4d14cab13a72"},
    {file = "charset_normalizer-3.3.1-cp311-cp311-manylinux_2_17_ppc64le.manylinux2014_ppc64le.whl", hash = "sha256:985c7965f62f6f32bf432e2681173db41336a9c2611693247069288bcb0c7f8b"},
    {file = "charset_normalizer-3.3.1-cp311-cp311-manylinux_2_17_s390x.manylinux2014_s390x.whl", hash = "sha256:a15c1fe6d26e83fd2e5972425a772cca158eae58b05d4a25a4e474c221053e2d"},
    {file = "charset_normalizer-3.3.1-cp311-cp311-manylinux_2_17_x86_64.manylinux2014_x86_64.whl", hash = "sha256:ae55d592b02c4349525b6ed8f74c692509e5adffa842e582c0f861751701a673"},
    {file = "charset_normalizer-3.3.1-cp311-cp311-manylinux_2_5_i686.manylinux1_i686.manylinux_2_17_i686.manylinux2014_i686.whl", hash = "sha256:be4d9c2770044a59715eb57c1144dedea7c5d5ae80c68fb9959515037cde2008"},
    {file = "charset_normalizer-3.3.1-cp311-cp311-musllinux_1_1_aarch64.whl", hash = "sha256:851cf693fb3aaef71031237cd68699dded198657ec1e76a76eb8be58c03a5d1f"},
    {file = "charset_normalizer-3.3.1-cp311-cp311-musllinux_1_1_i686.whl", hash = "sha256:31bbaba7218904d2eabecf4feec0d07469284e952a27400f23b6628439439fa7"},
    {file = "charset_normalizer-3.3.1-cp311-cp311-musllinux_1_1_ppc64le.whl", hash = "sha256:871d045d6ccc181fd863a3cd66ee8e395523ebfbc57f85f91f035f50cee8e3d4"},
    {file = "charset_normalizer-3.3.1-cp311-cp311-musllinux_1_1_s390x.whl", hash = "sha256:501adc5eb6cd5f40a6f77fbd90e5ab915c8fd6e8c614af2db5561e16c600d6f3"},
    {file = "charset_normalizer-3.3.1-cp311-cp311-musllinux_1_1_x86_64.whl", hash = "sha256:f5fb672c396d826ca16a022ac04c9dce74e00a1c344f6ad1a0fdc1ba1f332213"},
    {file = "charset_normalizer-3.3.1-cp311-cp311-win32.whl", hash = "sha256:bb06098d019766ca16fc915ecaa455c1f1cd594204e7f840cd6258237b5079a8"},
    {file = "charset_normalizer-3.3.1-cp311-cp311-win_amd64.whl", hash = "sha256:8af5a8917b8af42295e86b64903156b4f110a30dca5f3b5aedea123fbd638bff"},
    {file = "charset_normalizer-3.3.1-cp312-cp312-macosx_10_9_universal2.whl", hash = "sha256:7ae8e5142dcc7a49168f4055255dbcced01dc1714a90a21f87448dc8d90617d1"},
    {file = "charset_normalizer-3.3.1-cp312-cp312-macosx_10_9_x86_64.whl", hash = "sha256:5b70bab78accbc672f50e878a5b73ca692f45f5b5e25c8066d748c09405e6a55"},
    {file = "charset_normalizer-3.3.1-cp312-cp312-macosx_11_0_arm64.whl", hash = "sha256:5ceca5876032362ae73b83347be8b5dbd2d1faf3358deb38c9c88776779b2e2f"},
    {file = "charset_normalizer-3.3.1-cp312-cp312-manylinux_2_17_aarch64.manylinux2014_aarch64.whl", hash = "sha256:34d95638ff3613849f473afc33f65c401a89f3b9528d0d213c7037c398a51296"},
    {file = "charset_normalizer-3.3.1-cp312-cp312-manylinux_2_17_ppc64le.manylinux2014_ppc64le.whl", hash = "sha256:9edbe6a5bf8b56a4a84533ba2b2f489d0046e755c29616ef8830f9e7d9cf5728"},
    {file = "charset_normalizer-3.3.1-cp312-cp312-manylinux_2_17_s390x.manylinux2014_s390x.whl", hash = "sha256:f6a02a3c7950cafaadcd46a226ad9e12fc9744652cc69f9e5534f98b47f3bbcf"},
    {file = "charset_normalizer-3.3.1-cp312-cp312-manylinux_2_17_x86_64.manylinux2014_x86_64.whl", hash = "sha256:10b8dd31e10f32410751b3430996f9807fc4d1587ca69772e2aa940a82ab571a"},
    {file = "charset_normalizer-3.3.1-cp312-cp312-manylinux_2_5_i686.manylinux1_i686.manylinux_2_17_i686.manylinux2014_i686.whl", hash = "sha256:edc0202099ea1d82844316604e17d2b175044f9bcb6b398aab781eba957224bd"},
    {file = "charset_normalizer-3.3.1-cp312-cp312-musllinux_1_1_aarch64.whl", hash = "sha256:b891a2f68e09c5ef989007fac11476ed33c5c9994449a4e2c3386529d703dc8b"},
    {file = "charset_normalizer-3.3.1-cp312-cp312-musllinux_1_1_i686.whl", hash = "sha256:71ef3b9be10070360f289aea4838c784f8b851be3ba58cf796262b57775c2f14"},
    {file = "charset_normalizer-3.3.1-cp312-cp312-musllinux_1_1_ppc64le.whl", hash = "sha256:55602981b2dbf8184c098bc10287e8c245e351cd4fdcad050bd7199d5a8bf514"},
    {file = "charset_normalizer-3.3.1-cp312-cp312-musllinux_1_1_s390x.whl", hash = "sha256:46fb9970aa5eeca547d7aa0de5d4b124a288b42eaefac677bde805013c95725c"},
    {file = "charset_normalizer-3.3.1-cp312-cp312-musllinux_1_1_x86_64.whl", hash = "sha256:520b7a142d2524f999447b3a0cf95115df81c4f33003c51a6ab637cbda9d0bf4"},
    {file = "charset_normalizer-3.3.1-cp312-cp312-win32.whl", hash = "sha256:8ec8ef42c6cd5856a7613dcd1eaf21e5573b2185263d87d27c8edcae33b62a61"},
    {file = "charset_normalizer-3.3.1-cp312-cp312-win_amd64.whl", hash = "sha256:baec8148d6b8bd5cee1ae138ba658c71f5b03e0d69d5907703e3e1df96db5e41"},
    {file = "charset_normalizer-3.3.1-cp37-cp37m-macosx_10_9_x86_64.whl", hash = "sha256:63a6f59e2d01310f754c270e4a257426fe5a591dc487f1983b3bbe793cf6bac6"},
    {file = "charset_normalizer-3.3.1-cp37-cp37m-manylinux_2_17_aarch64.manylinux2014_aarch64.whl", hash = "sha256:1d6bfc32a68bc0933819cfdfe45f9abc3cae3877e1d90aac7259d57e6e0f85b1"},
    {file = "charset_normalizer-3.3.1-cp37-cp37m-manylinux_2_17_ppc64le.manylinux2014_ppc64le.whl", hash = "sha256:4f3100d86dcd03c03f7e9c3fdb23d92e32abbca07e7c13ebd7ddfbcb06f5991f"},
    {file = "charset_normalizer-3.3.1-cp37-cp37m-manylinux_2_17_s390x.manylinux2014_s390x.whl", hash = "sha256:39b70a6f88eebe239fa775190796d55a33cfb6d36b9ffdd37843f7c4c1b5dc67"},
    {file = "charset_normalizer-3.3.1-cp37-cp37m-manylinux_2_17_x86_64.manylinux2014_x86_64.whl", hash = "sha256:4e12f8ee80aa35e746230a2af83e81bd6b52daa92a8afaef4fea4a2ce9b9f4fa"},
    {file = "charset_normalizer-3.3.1-cp37-cp37m-manylinux_2_5_i686.manylinux1_i686.manylinux_2_17_i686.manylinux2014_i686.whl", hash = "sha256:7b6cefa579e1237ce198619b76eaa148b71894fb0d6bcf9024460f9bf30fd228"},
    {file = "charset_normalizer-3.3.1-cp37-cp37m-musllinux_1_1_aarch64.whl", hash = "sha256:61f1e3fb621f5420523abb71f5771a204b33c21d31e7d9d86881b2cffe92c47c"},
    {file = "charset_normalizer-3.3.1-cp37-cp37m-musllinux_1_1_i686.whl", hash = "sha256:4f6e2a839f83a6a76854d12dbebde50e4b1afa63e27761549d006fa53e9aa80e"},
    {file = "charset_normalizer-3.3.1-cp37-cp37m-musllinux_1_1_ppc64le.whl", hash = "sha256:1ec937546cad86d0dce5396748bf392bb7b62a9eeb8c66efac60e947697f0e58"},
    {file = "charset_normalizer-3.3.1-cp37-cp37m-musllinux_1_1_s390x.whl", hash = "sha256:82ca51ff0fc5b641a2d4e1cc8c5ff108699b7a56d7f3ad6f6da9dbb6f0145b48"},
    {file = "charset_normalizer-3.3.1-cp37-cp37m-musllinux_1_1_x86_64.whl", hash = "sha256:633968254f8d421e70f91c6ebe71ed0ab140220469cf87a9857e21c16687c034"},
    {file = "charset_normalizer-3.3.1-cp37-cp37m-win32.whl", hash = "sha256:c0c72d34e7de5604df0fde3644cc079feee5e55464967d10b24b1de268deceb9"},
    {file = "charset_normalizer-3.3.1-cp37-cp37m-win_amd64.whl", hash = "sha256:63accd11149c0f9a99e3bc095bbdb5a464862d77a7e309ad5938fbc8721235ae"},
    {file = "charset_normalizer-3.3.1-cp38-cp38-macosx_10_9_universal2.whl", hash = "sha256:5a3580a4fdc4ac05f9e53c57f965e3594b2f99796231380adb2baaab96e22761"},
    {file = "charset_normalizer-3.3.1-cp38-cp38-macosx_10_9_x86_64.whl", hash = "sha256:2465aa50c9299d615d757c1c888bc6fef384b7c4aec81c05a0172b4400f98557"},
    {file = "charset_normalizer-3.3.1-cp38-cp38-macosx_11_0_arm64.whl", hash = "sha256:cb7cd68814308aade9d0c93c5bd2ade9f9441666f8ba5aa9c2d4b389cb5e2a45"},
    {file = "charset_normalizer-3.3.1-cp38-cp38-manylinux_2_17_aarch64.manylinux2014_aarch64.whl", hash = "sha256:91e43805ccafa0a91831f9cd5443aa34528c0c3f2cc48c4cb3d9a7721053874b"},
    {file = "charset_normalizer-3.3.1-cp38-cp38-manylinux_2_17_ppc64le.manylinux2014_ppc64le.whl", hash = "sha256:854cc74367180beb327ab9d00f964f6d91da06450b0855cbbb09187bcdb02de5"},
    {file = "charset_normalizer-3.3.1-cp38-cp38-manylinux_2_17_s390x.manylinux2014_s390x.whl", hash = "sha256:c15070ebf11b8b7fd1bfff7217e9324963c82dbdf6182ff7050519e350e7ad9f"},
    {file = "charset_normalizer-3.3.1-cp38-cp38-manylinux_2_17_x86_64.manylinux2014_x86_64.whl", hash = "sha256:2c4c99f98fc3a1835af8179dcc9013f93594d0670e2fa80c83aa36346ee763d2"},
    {file = "charset_normalizer-3.3.1-cp38-cp38-manylinux_2_5_i686.manylinux1_i686.manylinux_2_17_i686.manylinux2014_i686.whl", hash = "sha256:3fb765362688821404ad6cf86772fc54993ec11577cd5a92ac44b4c2ba52155b"},
    {file = "charset_normalizer-3.3.1-cp38-cp38-musllinux_1_1_aarch64.whl", hash = "sha256:dced27917823df984fe0c80a5c4ad75cf58df0fbfae890bc08004cd3888922a2"},
    {file = "charset_normalizer-3.3.1-cp38-cp38-musllinux_1_1_i686.whl", hash = "sha256:a66bcdf19c1a523e41b8e9d53d0cedbfbac2e93c649a2e9502cb26c014d0980c"},
    {file = "charset_normalizer-3.3.1-cp38-cp38-musllinux_1_1_ppc64le.whl", hash = "sha256:ecd26be9f112c4f96718290c10f4caea6cc798459a3a76636b817a0ed7874e42"},
    {file = "charset_normalizer-3.3.1-cp38-cp38-musllinux_1_1_s390x.whl", hash = "sha256:3f70fd716855cd3b855316b226a1ac8bdb3caf4f7ea96edcccc6f484217c9597"},
    {file = "charset_normalizer-3.3.1-cp38-cp38-musllinux_1_1_x86_64.whl", hash = "sha256:17a866d61259c7de1bdadef418a37755050ddb4b922df8b356503234fff7932c"},
    {file = "charset_normalizer-3.3.1-cp38-cp38-win32.whl", hash = "sha256:548eefad783ed787b38cb6f9a574bd8664468cc76d1538215d510a3cd41406cb"},
    {file = "charset_normalizer-3.3.1-cp38-cp38-win_amd64.whl", hash = "sha256:45f053a0ece92c734d874861ffe6e3cc92150e32136dd59ab1fb070575189c97"},
    {file = "charset_normalizer-3.3.1-cp39-cp39-macosx_10_9_universal2.whl", hash = "sha256:bc791ec3fd0c4309a753f95bb6c749ef0d8ea3aea91f07ee1cf06b7b02118f2f"},
    {file = "charset_normalizer-3.3.1-cp39-cp39-macosx_10_9_x86_64.whl", hash = "sha256:0c8c61fb505c7dad1d251c284e712d4e0372cef3b067f7ddf82a7fa82e1e9a93"},
    {file = "charset_normalizer-3.3.1-cp39-cp39-macosx_11_0_arm64.whl", hash = "sha256:2c092be3885a1b7899cd85ce24acedc1034199d6fca1483fa2c3a35c86e43041"},
    {file = "charset_normalizer-3.3.1-cp39-cp39-manylinux_2_17_aarch64.manylinux2014_aarch64.whl", hash = "sha256:c2000c54c395d9e5e44c99dc7c20a64dc371f777faf8bae4919ad3e99ce5253e"},
    {file = "charset_normalizer-3.3.1-cp39-cp39-manylinux_2_17_ppc64le.manylinux2014_ppc64le.whl", hash = "sha256:4cb50a0335382aac15c31b61d8531bc9bb657cfd848b1d7158009472189f3d62"},
    {file = "charset_normalizer-3.3.1-cp39-cp39-manylinux_2_17_s390x.manylinux2014_s390x.whl", hash = "sha256:c30187840d36d0ba2893bc3271a36a517a717f9fd383a98e2697ee890a37c273"},
    {file = "charset_normalizer-3.3.1-cp39-cp39-manylinux_2_17_x86_64.manylinux2014_x86_64.whl", hash = "sha256:fe81b35c33772e56f4b6cf62cf4aedc1762ef7162a31e6ac7fe5e40d0149eb67"},
    {file = "charset_normalizer-3.3.1-cp39-cp39-manylinux_2_5_i686.manylinux1_i686.manylinux_2_17_i686.manylinux2014_i686.whl", hash = "sha256:d0bf89afcbcf4d1bb2652f6580e5e55a840fdf87384f6063c4a4f0c95e378656"},
    {file = "charset_normalizer-3.3.1-cp39-cp39-musllinux_1_1_aarch64.whl", hash = "sha256:06cf46bdff72f58645434d467bf5228080801298fbba19fe268a01b4534467f5"},
    {file = "charset_normalizer-3.3.1-cp39-cp39-musllinux_1_1_i686.whl", hash = "sha256:3c66df3f41abee950d6638adc7eac4730a306b022570f71dd0bd6ba53503ab57"},
    {file = "charset_normalizer-3.3.1-cp39-cp39-musllinux_1_1_ppc64le.whl", hash = "sha256:cd805513198304026bd379d1d516afbf6c3c13f4382134a2c526b8b854da1c2e"},
    {file = "charset_normalizer-3.3.1-cp39-cp39-musllinux_1_1_s390x.whl", hash = "sha256:9505dc359edb6a330efcd2be825fdb73ee3e628d9010597aa1aee5aa63442e97"},
    {file = "charset_normalizer-3.3.1-cp39-cp39-musllinux_1_1_x86_64.whl", hash = "sha256:31445f38053476a0c4e6d12b047b08ced81e2c7c712e5a1ad97bc913256f91b2"},
    {file = "charset_normalizer-3.3.1-cp39-cp39-win32.whl", hash = "sha256:bd28b31730f0e982ace8663d108e01199098432a30a4c410d06fe08fdb9e93f4"},
    {file = "charset_normalizer-3.3.1-cp39-cp39-win_amd64.whl", hash = "sha256:555fe186da0068d3354cdf4bbcbc609b0ecae4d04c921cc13e209eece7720727"},
    {file = "charset_normalizer-3.3.1-py3-none-any.whl", hash = "sha256:800561453acdecedaac137bf09cd719c7a440b6800ec182f077bb8e7025fb708"},
]

[[package]]
name = "eml-parser"
version = "1.17.5"
description = "Python EML parser library"
optional = false
python-versions = ">=3.7"
files = [
    {file = "eml_parser-1.17.5-py3-none-any.whl", hash = "sha256:e92e4242e06dbe0e348b408a8e7a0f1a505d969090dbc0d6f8165d0179667b70"},
    {file = "eml_parser-1.17.5.tar.gz", hash = "sha256:db0b066184afdd73896f411ab303bc0eea69d39c36720074a2d1a767a4b40aa6"},
]

[package.dependencies]
charset-normalizer = "*"
publicsuffixlist = "*"
python-dateutil = "*"

[package.extras]
dev = ["flake8", "flake8-comprehensions", "flake8-docstrings", "mypy", "pep8-naming", "pylint", "types-chardet", "types-python-dateutil"]
docs = ["mkdocs-material", "mkdocstrings[crystal,python]"]
filemagic = ["file-magic (>=0.4.0)"]
pyre2 = ["pyre2"]
regex = ["regex"]
test = ["coverage", "pytest"]

[[package]]
name = "et-xmlfile"
version = "1.1.0"
description = "An implementation of lxml.xmlfile for the standard library"
optional = false
python-versions = ">=3.6"
files = [
    {file = "et_xmlfile-1.1.0-py3-none-any.whl", hash = "sha256:a2ba85d1d6a74ef63837eed693bcb89c3f752169b0e3e7ae5b16ca5e1b3deada"},
    {file = "et_xmlfile-1.1.0.tar.gz", hash = "sha256:8eb9e2bc2f8c97e37a2dc85a09ecdcdec9d8a396530a6d5a33b30b9a92da0c5c"},
]

[[package]]
name = "idna"
version = "3.4"
description = "Internationalized Domain Names in Applications (IDNA)"
optional = false
python-versions = ">=3.5"
files = [
    {file = "idna-3.4-py3-none-any.whl", hash = "sha256:90b77e79eaa3eba6de819a0c442c0b4ceefc341a7a2ab77d7562bf49f425c5c2"},
    {file = "idna-3.4.tar.gz", hash = "sha256:814f528e8dead7d329833b91c5faa87d60bf71824cd12a7530b5526063d02cb4"},
]

[[package]]
name = "libsynomail"
version = "0.3.4"
description = ""
optional = false
python-versions = ">=3.11,<3.20"
files = []
develop = false

[package.dependencies]
attrdict3 = "^2.0.2"
openpyxl = "^3.1.2"
passlib = "^1.7.4"
synochat = "^1.0.4"
synology-drive-api = "^1.0.14"

[package.source]
type = "git"
url = "https://github.com/alloant/libsynomail.git"
reference = "v0.3.4"
resolved_reference = "7d9750c06ecfefd203bbe4b4c4697f5ce29691d9"

[[package]]
name = "openpyxl"
version = "3.1.2"
description = "A Python library to read/write Excel 2010 xlsx/xlsm files"
optional = false
python-versions = ">=3.6"
files = [
    {file = "openpyxl-3.1.2-py2.py3-none-any.whl", hash = "sha256:f91456ead12ab3c6c2e9491cf33ba6d08357d802192379bb482f1033ade496f5"},
    {file = "openpyxl-3.1.2.tar.gz", hash = "sha256:a6f5977418eff3b2d5500d54d9db50c8277a368436f4e4f8ddb1be3422870184"},
]

[package.dependencies]
et-xmlfile = "*"

[[package]]
name = "optionaldict"
version = "0.1.2"
description = "A dict-like object that ignore NoneType values for Python"
optional = false
python-versions = "*"
files = [
    {file = "optionaldict-0.1.2-py2.py3-none-any.whl", hash = "sha256:278d9b79b3d6a55b1b8ff5f9017bff6383a33426348d09e699ff50162bbcdab7"},
    {file = "optionaldict-0.1.2.tar.gz", hash = "sha256:175b62ee8259af703def42e0b44b413ea55e7b0732456cb2fd5cbbc998605966"},
]

[[package]]
name = "passlib"
version = "1.7.4"
description = "comprehensive password hashing framework supporting over 30 schemes"
optional = false
python-versions = "*"
files = [
    {file = "passlib-1.7.4-py2.py3-none-any.whl", hash = "sha256:aa6bca462b8d8bda89c70b382f0c298a20b5560af6cbfa2dce410c0a2fb669f1"},
    {file = "passlib-1.7.4.tar.gz", hash = "sha256:defd50f72b65c5402ab2c573830a6978e5f202ad0d984793c8dde2c4152ebe04"},
]

[package.extras]
argon2 = ["argon2-cffi (>=18.2.0)"]
bcrypt = ["bcrypt (>=3.1.0)"]
build-docs = ["cloud-sptheme (>=1.10.1)", "sphinx (>=1.6)", "sphinxcontrib-fulltoc (>=1.2.0)"]
totp = ["cryptography"]

[[package]]
name = "publicsuffixlist"
version = "0.10.0.20231028"
description = "publicsuffixlist implement"
optional = false
python-versions = ">=2.6"
files = [
    {file = "publicsuffixlist-0.10.0.20231028-py2.py3-none-any.whl", hash = "sha256:f662bc167bba8c88e5cd04cf32e8ccd170704bc35a851878022989f4b208433a"},
    {file = "publicsuffixlist-0.10.0.20231028.tar.gz", hash = "sha256:01e575e867f8a371b40ff1e2a22aa8bf88841430dd5252e14396fa3741fa3e27"},
]

[package.extras]
readme = ["pandoc"]
update = ["requests"]

[[package]]
name = "pyside6"
version = "6.6.0"
description = "Python bindings for the Qt cross-platform application and UI framework"
optional = false
python-versions = "<3.13,>=3.8"
files = [
    {file = "PySide6-6.6.0-cp38-abi3-macosx_11_0_universal2.whl", hash = "sha256:8103f14ed46a05e81acccbfc8388e3321e392fe54f3aa4a13336bd2ed8af5cd4"},
    {file = "PySide6-6.6.0-cp38-abi3-manylinux_2_28_x86_64.whl", hash = "sha256:d487eab0f9bfc5c9141b474093e16207ff48cd9335e6465a01deb8dff0693fbc"},
    {file = "PySide6-6.6.0-cp38-abi3-manylinux_2_31_aarch64.whl", hash = "sha256:f40917b7a0c5c7f0c7faaa87e66ffa3b58d9d1d3d977d30fc07e193b82dd6749"},
    {file = "PySide6-6.6.0-cp38-abi3-win_amd64.whl", hash = "sha256:d41dfcfa32c89502cdaa20206b7e2aba199072f94b424bc6a4d6f50b10f4eb5a"},
]

[package.dependencies]
PySide6-Addons = "6.6.0"
PySide6-Essentials = "6.6.0"
shiboken6 = "6.6.0"

[[package]]
name = "pyside6-addons"
version = "6.6.0"
description = "Python bindings for the Qt cross-platform application and UI framework (Addons)"
optional = false
python-versions = "<3.13,>=3.8"
files = [
    {file = "PySide6_Addons-6.6.0-cp38-abi3-macosx_11_0_universal2.whl", hash = "sha256:82fe1bb6a1aabf5ab3d8632072dc908aa37fc75b4b46e520258c441bd6b103fb"},
    {file = "PySide6_Addons-6.6.0-cp38-abi3-manylinux_2_28_x86_64.whl", hash = "sha256:5c56e963b841aeaacbc9ca8ca34df45308818dbd6fc59faa2b5a00a299e9892b"},
    {file = "PySide6_Addons-6.6.0-cp38-abi3-manylinux_2_31_aarch64.whl", hash = "sha256:e145514a7c37ee3a6ad0ddd693f805ccff6fbd9640a24fb2ef6b7f852882d3e9"},
    {file = "PySide6_Addons-6.6.0-cp38-abi3-win_amd64.whl", hash = "sha256:414864f7cfbdf8ac4c5a745566a515f18b6018d5730bf5489cc2716b5e1fcd9b"},
]

[package.dependencies]
PySide6-Essentials = "6.6.0"
shiboken6 = "6.6.0"

[[package]]
name = "pyside6-essentials"
version = "6.6.0"
description = "Python bindings for the Qt cross-platform application and UI framework (Essentials)"
optional = false
python-versions = "<3.13,>=3.8"
files = [
    {file = "PySide6_Essentials-6.6.0-cp38-abi3-macosx_11_0_universal2.whl", hash = "sha256:26d27e3e3a18acbc770a69a30774fd345414fe4932fcb89d2cfc4fc130c3eb33"},
    {file = "PySide6_Essentials-6.6.0-cp38-abi3-manylinux_2_28_x86_64.whl", hash = "sha256:60284641619f964e1cb4d53cf3169d7a385e0378b74edb75610918d2aea1c4e5"},
    {file = "PySide6_Essentials-6.6.0-cp38-abi3-manylinux_2_31_aarch64.whl", hash = "sha256:37d5d9c6ee696a17890f07e7ce1f88f890174bd4aca29f47922ecc959ab28352"},
    {file = "PySide6_Essentials-6.6.0-cp38-abi3-win_amd64.whl", hash = "sha256:97bbe33f584a09cef6a3fbc1295fb0fd7acaac345bc0f5601bf45d41c91683ac"},
]

[package.dependencies]
shiboken6 = "6.6.0"

[[package]]
name = "python-dateutil"
version = "2.8.2"
description = "Extensions to the standard Python datetime module"
optional = false
python-versions = "!=3.0.*,!=3.1.*,!=3.2.*,>=2.7"
files = [
    {file = "python-dateutil-2.8.2.tar.gz", hash = "sha256:0123cacc1627ae19ddf3c27a5de5bd67ee4586fbdd6440d9748f8abb483d3e86"},
    {file = "python_dateutil-2.8.2-py2.py3-none-any.whl", hash = "sha256:961d03dc3453ebbc59dbdea9e4e11c5651520a876d0f4db161e8674aae935da9"},
]

[package.dependencies]
six = ">=1.5"

[[package]]
name = "requests"
version = "2.31.0"
description = "Python HTTP for Humans."
optional = false
python-versions = ">=3.7"
files = [
    {file = "requests-2.31.0-py3-none-any.whl", hash = "sha256:58cd2187c01e70e6e26505bca751777aa9f2ee0b7f4300988b709f44e013003f"},
    {file = "requests-2.31.0.tar.gz", hash = "sha256:942c5a758f98d790eaed1a29cb6eefc7ffb0d1cf7af05c3d2791656dbd6ad1e1"},
]

[package.dependencies]
certifi = ">=2017.4.17"
charset-normalizer = ">=2,<4"
idna = ">=2.5,<4"
urllib3 = ">=1.21.1,<3"

[package.extras]
socks = ["PySocks (>=1.5.6,!=1.5.7)"]
use-chardet-on-py3 = ["chardet (>=3.0.2,<6)"]

[[package]]
name = "selenium"
version = "3.141.0"
description = "Python bindings for Selenium"
optional = false
python-versions = "*"
files = [
    {file = "selenium-3.141.0-py2.py3-none-any.whl", hash = "sha256:2d7131d7bc5a5b99a2d9b04aaf2612c411b03b8ca1b1ee8d3de5845a9be2cb3c"},
    {file = "selenium-3.141.0.tar.gz", hash = "sha256:deaf32b60ad91a4611b98d8002757f29e6f2c2d5fcaf202e1c9ad06d6772300d"},
]

[package.dependencies]
urllib3 = "*"

[[package]]
name = "shiboken6"
version = "6.6.0"
description = "Python/C++ bindings helper module"
optional = false
python-versions = "<3.13,>=3.8"
files = [
    {file = "shiboken6-6.6.0-cp38-abi3-macosx_11_0_universal2.whl", hash = "sha256:bf23c43e53ffe6097853666ced05358c6640c378e992902a36c4cf77efb0223b"},
    {file = "shiboken6-6.6.0-cp38-abi3-manylinux_2_28_x86_64.whl", hash = "sha256:456b89fb4b323e0c5002d92e4d346b48bb4e709db801208df8a0d6b4f5efc33d"},
    {file = "shiboken6-6.6.0-cp38-abi3-manylinux_2_31_aarch64.whl", hash = "sha256:fb8c683206c3365f9240fff7f908485384893b02efb089b69ff816b4390baa9a"},
    {file = "shiboken6-6.6.0-cp38-abi3-win_amd64.whl", hash = "sha256:e62b2610b84f0ff7ed0181a4c535849cdc0654127097b5ef561cf0a33078f245"},
]

[[package]]
name = "simplejson"
version = "3.19.2"
description = "Simple, fast, extensible JSON encoder/decoder for Python"
optional = false
python-versions = ">=2.5, !=3.0.*, !=3.1.*, !=3.2.*"
files = [
    {file = "simplejson-3.19.2-cp27-cp27m-macosx_10_9_x86_64.whl", hash = "sha256:3471e95110dcaf901db16063b2e40fb394f8a9e99b3fe9ee3acc6f6ef72183a2"},
    {file = "simplejson-3.19.2-cp27-cp27m-manylinux1_i686.whl", hash = "sha256:3194cd0d2c959062b94094c0a9f8780ffd38417a5322450a0db0ca1a23e7fbd2"},
    {file = "simplejson-3.19.2-cp27-cp27m-manylinux1_x86_64.whl", hash = "sha256:8a390e56a7963e3946ff2049ee1eb218380e87c8a0e7608f7f8790ba19390867"},
    {file = "simplejson-3.19.2-cp27-cp27m-manylinux2010_i686.whl", hash = "sha256:1537b3dd62d8aae644f3518c407aa8469e3fd0f179cdf86c5992792713ed717a"},
    {file = "simplejson-3.19.2-cp27-cp27m-manylinux2010_x86_64.whl", hash = "sha256:a8617625369d2d03766413bff9e64310feafc9fc4f0ad2b902136f1a5cd8c6b0"},
    {file = "simplejson-3.19.2-cp27-cp27mu-manylinux1_i686.whl", hash = "sha256:2c433a412e96afb9a3ce36fa96c8e61a757af53e9c9192c97392f72871e18e69"},
    {file = "simplejson-3.19.2-cp27-cp27mu-manylinux1_x86_64.whl", hash = "sha256:f1c70249b15e4ce1a7d5340c97670a95f305ca79f376887759b43bb33288c973"},
    {file = "simplejson-3.19.2-cp27-cp27mu-manylinux2010_i686.whl", hash = "sha256:287e39ba24e141b046812c880f4619d0ca9e617235d74abc27267194fc0c7835"},
    {file = "simplejson-3.19.2-cp27-cp27mu-manylinux2010_x86_64.whl", hash = "sha256:6f0a0b41dd05eefab547576bed0cf066595f3b20b083956b1405a6f17d1be6ad"},
    {file = "simplejson-3.19.2-cp310-cp310-macosx_10_9_universal2.whl", hash = "sha256:2f98d918f7f3aaf4b91f2b08c0c92b1774aea113334f7cde4fe40e777114dbe6"},
    {file = "simplejson-3.19.2-cp310-cp310-macosx_10_9_x86_64.whl", hash = "sha256:7d74beca677623481810c7052926365d5f07393c72cbf62d6cce29991b676402"},
    {file = "simplejson-3.19.2-cp310-cp310-macosx_11_0_arm64.whl", hash = "sha256:7f2398361508c560d0bf1773af19e9fe644e218f2a814a02210ac2c97ad70db0"},
    {file = "simplejson-3.19.2-cp310-cp310-manylinux_2_17_aarch64.manylinux2014_aarch64.whl", hash = "sha256:6ad331349b0b9ca6da86064a3599c425c7a21cd41616e175ddba0866da32df48"},
    {file = "simplejson-3.19.2-cp310-cp310-manylinux_2_17_ppc64le.manylinux2014_ppc64le.whl", hash = "sha256:332c848f02d71a649272b3f1feccacb7e4f7e6de4a2e6dc70a32645326f3d428"},
    {file = "simplejson-3.19.2-cp310-cp310-manylinux_2_5_i686.manylinux1_i686.manylinux_2_17_i686.manylinux2014_i686.whl", hash = "sha256:25785d038281cd106c0d91a68b9930049b6464288cea59ba95b35ee37c2d23a5"},
    {file = "simplejson-3.19.2-cp310-cp310-manylinux_2_5_x86_64.manylinux1_x86_64.manylinux_2_17_x86_64.manylinux2014_x86_64.whl", hash = "sha256:18955c1da6fc39d957adfa346f75226246b6569e096ac9e40f67d102278c3bcb"},
    {file = "simplejson-3.19.2-cp310-cp310-musllinux_1_1_aarch64.whl", hash = "sha256:11cc3afd8160d44582543838b7e4f9aa5e97865322844b75d51bf4e0e413bb3e"},
    {file = "simplejson-3.19.2-cp310-cp310-musllinux_1_1_i686.whl", hash = "sha256:b01fda3e95d07a6148702a641e5e293b6da7863f8bc9b967f62db9461330562c"},
    {file = "simplejson-3.19.2-cp310-cp310-musllinux_1_1_ppc64le.whl", hash = "sha256:778331444917108fa8441f59af45886270d33ce8a23bfc4f9b192c0b2ecef1b3"},
    {file = "simplejson-3.19.2-cp310-cp310-musllinux_1_1_x86_64.whl", hash = "sha256:9eb117db8d7ed733a7317c4215c35993b815bf6aeab67523f1f11e108c040672"},
    {file = "simplejson-3.19.2-cp310-cp310-win32.whl", hash = "sha256:39b6d79f5cbfa3eb63a869639cfacf7c41d753c64f7801efc72692c1b2637ac7"},
    {file = "simplejson-3.19.2-cp310-cp310-win_amd64.whl", hash = "sha256:5675e9d8eeef0aa06093c1ff898413ade042d73dc920a03e8cea2fb68f62445a"},
    {file = "simplejson-3.19.2-cp311-cp311-macosx_10_9_universal2.whl", hash = "sha256:ed628c1431100b0b65387419551e822987396bee3c088a15d68446d92f554e0c"},
    {file = "simplejson-3.19.2-cp311-cp311-macosx_10_9_x86_64.whl", hash = "sha256:adcb3332979cbc941b8fff07181f06d2b608625edc0a4d8bc3ffc0be414ad0c4"},
    {file = "simplejson-3.19.2-cp311-cp311-macosx_11_0_arm64.whl", hash = "sha256:08889f2f597ae965284d7b52a5c3928653a9406d88c93e3161180f0abc2433ba"},
    {file = "simplejson-3.19.2-cp311-cp311-manylinux_2_17_aarch64.manylinux2014_aarch64.whl", hash = "sha256:ef7938a78447174e2616be223f496ddccdbf7854f7bf2ce716dbccd958cc7d13"},
    {file = "simplejson-3.19.2-cp311-cp311-manylinux_2_17_ppc64le.manylinux2014_ppc64le.whl", hash = "sha256:a970a2e6d5281d56cacf3dc82081c95c1f4da5a559e52469287457811db6a79b"},
    {file = "simplejson-3.19.2-cp311-cp311-manylinux_2_5_i686.manylinux1_i686.manylinux_2_17_i686.manylinux2014_i686.whl", hash = "sha256:554313db34d63eac3b3f42986aa9efddd1a481169c12b7be1e7512edebff8eaf"},
    {file = "simplejson-3.19.2-cp311-cp311-manylinux_2_5_x86_64.manylinux1_x86_64.manylinux_2_17_x86_64.manylinux2014_x86_64.whl", hash = "sha256:4d36081c0b1c12ea0ed62c202046dca11438bee48dd5240b7c8de8da62c620e9"},
    {file = "simplejson-3.19.2-cp311-cp311-musllinux_1_1_aarch64.whl", hash = "sha256:a3cd18e03b0ee54ea4319cdcce48357719ea487b53f92a469ba8ca8e39df285e"},
    {file = "simplejson-3.19.2-cp311-cp311-musllinux_1_1_i686.whl", hash = "sha256:66e5dc13bfb17cd6ee764fc96ccafd6e405daa846a42baab81f4c60e15650414"},
    {file = "simplejson-3.19.2-cp311-cp311-musllinux_1_1_ppc64le.whl", hash = "sha256:972a7833d4a1fcf7a711c939e315721a88b988553fc770a5b6a5a64bd6ebeba3"},
    {file = "simplejson-3.19.2-cp311-cp311-musllinux_1_1_x86_64.whl", hash = "sha256:3e74355cb47e0cd399ead3477e29e2f50e1540952c22fb3504dda0184fc9819f"},
    {file = "simplejson-3.19.2-cp311-cp311-win32.whl", hash = "sha256:1dd4f692304854352c3e396e9b5f0a9c9e666868dd0bdc784e2ac4c93092d87b"},
    {file = "simplejson-3.19.2-cp311-cp311-win_amd64.whl", hash = "sha256:9300aee2a8b5992d0f4293d88deb59c218989833e3396c824b69ba330d04a589"},
    {file = "simplejson-3.19.2-cp312-cp312-macosx_10_9_universal2.whl", hash = "sha256:b8d940fd28eb34a7084877747a60873956893e377f15a32ad445fe66c972c3b8"},
    {file = "simplejson-3.19.2-cp312-cp312-macosx_10_9_x86_64.whl", hash = "sha256:4969d974d9db826a2c07671273e6b27bc48e940738d768fa8f33b577f0978378"},
    {file = "simplejson-3.19.2-cp312-cp312-macosx_11_0_arm64.whl", hash = "sha256:c594642d6b13d225e10df5c16ee15b3398e21a35ecd6aee824f107a625690374"},
    {file = "simplejson-3.19.2-cp312-cp312-manylinux_2_17_aarch64.manylinux2014_aarch64.whl", hash = "sha256:e2f5a398b5e77bb01b23d92872255e1bcb3c0c719a3be40b8df146570fe7781a"},
    {file = "simplejson-3.19.2-cp312-cp312-manylinux_2_17_ppc64le.manylinux2014_ppc64le.whl", hash = "sha256:176a1b524a3bd3314ed47029a86d02d5a95cc0bee15bd3063a1e1ec62b947de6"},
    {file = "simplejson-3.19.2-cp312-cp312-manylinux_2_5_i686.manylinux1_i686.manylinux_2_17_i686.manylinux2014_i686.whl", hash = "sha256:f3c7363a8cb8c5238878ec96c5eb0fc5ca2cb11fc0c7d2379863d342c6ee367a"},
    {file = "simplejson-3.19.2-cp312-cp312-manylinux_2_5_x86_64.manylinux1_x86_64.manylinux_2_17_x86_64.manylinux2014_x86_64.whl", hash = "sha256:346820ae96aa90c7d52653539a57766f10f33dd4be609206c001432b59ddf89f"},
    {file = "simplejson-3.19.2-cp312-cp312-musllinux_1_1_aarch64.whl", hash = "sha256:de9a2792612ec6def556d1dc621fd6b2073aff015d64fba9f3e53349ad292734"},
    {file = "simplejson-3.19.2-cp312-cp312-musllinux_1_1_i686.whl", hash = "sha256:1c768e7584c45094dca4b334af361e43b0aaa4844c04945ac7d43379eeda9bc2"},
    {file = "simplejson-3.19.2-cp312-cp312-musllinux_1_1_ppc64le.whl", hash = "sha256:9652e59c022e62a5b58a6f9948b104e5bb96d3b06940c6482588176f40f4914b"},
    {file = "simplejson-3.19.2-cp312-cp312-musllinux_1_1_x86_64.whl", hash = "sha256:9c1a4393242e321e344213a90a1e3bf35d2f624aa8b8f6174d43e3c6b0e8f6eb"},
    {file = "simplejson-3.19.2-cp312-cp312-win32.whl", hash = "sha256:7cb98be113911cb0ad09e5523d0e2a926c09a465c9abb0784c9269efe4f95917"},
    {file = "simplejson-3.19.2-cp312-cp312-win_amd64.whl", hash = "sha256:6779105d2fcb7fcf794a6a2a233787f6bbd4731227333a072d8513b252ed374f"},
    {file = "simplejson-3.19.2-cp36-cp36m-macosx_10_9_x86_64.whl", hash = "sha256:061e81ea2d62671fa9dea2c2bfbc1eec2617ae7651e366c7b4a2baf0a8c72cae"},
    {file = "simplejson-3.19.2-cp36-cp36m-manylinux_2_17_aarch64.manylinux2014_aarch64.whl", hash = "sha256:4280e460e51f86ad76dc456acdbfa9513bdf329556ffc8c49e0200878ca57816"},
    {file = "simplejson-3.19.2-cp36-cp36m-manylinux_2_17_ppc64le.manylinux2014_ppc64le.whl", hash = "sha256:11c39fbc4280d7420684494373b7c5904fa72a2b48ef543a56c2d412999c9e5d"},
    {file = "simplejson-3.19.2-cp36-cp36m-manylinux_2_5_i686.manylinux1_i686.manylinux_2_17_i686.manylinux2014_i686.whl", hash = "sha256:bccb3e88ec26ffa90f72229f983d3a5d1155e41a1171190fa723d4135523585b"},
    {file = "simplejson-3.19.2-cp36-cp36m-manylinux_2_5_x86_64.manylinux1_x86_64.manylinux_2_17_x86_64.manylinux2014_x86_64.whl", hash = "sha256:1bb5b50dc6dd671eb46a605a3e2eb98deb4a9af787a08fcdddabe5d824bb9664"},
    {file = "simplejson-3.19.2-cp36-cp36m-musllinux_1_1_aarch64.whl", hash = "sha256:d94245caa3c61f760c4ce4953cfa76e7739b6f2cbfc94cc46fff6c050c2390c5"},
    {file = "simplejson-3.19.2-cp36-cp36m-musllinux_1_1_i686.whl", hash = "sha256:d0e5ffc763678d48ecc8da836f2ae2dd1b6eb2d27a48671066f91694e575173c"},
    {file = "simplejson-3.19.2-cp36-cp36m-musllinux_1_1_ppc64le.whl", hash = "sha256:d222a9ed082cd9f38b58923775152003765016342a12f08f8c123bf893461f28"},
    {file = "simplejson-3.19.2-cp36-cp36m-musllinux_1_1_x86_64.whl", hash = "sha256:8434dcdd347459f9fd9c526117c01fe7ca7b016b6008dddc3c13471098f4f0dc"},
    {file = "simplejson-3.19.2-cp36-cp36m-win32.whl", hash = "sha256:c9ac1c2678abf9270e7228133e5b77c6c3c930ad33a3c1dfbdd76ff2c33b7b50"},
    {file = "simplejson-3.19.2-cp36-cp36m-win_amd64.whl", hash = "sha256:92c4a4a2b1f4846cd4364855cbac83efc48ff5a7d7c06ba014c792dd96483f6f"},
    {file = "simplejson-3.19.2-cp37-cp37m-macosx_10_9_x86_64.whl", hash = "sha256:0d551dc931638e2102b8549836a1632e6e7cf620af3d093a7456aa642bff601d"},
    {file = "simplejson-3.19.2-cp37-cp37m-manylinux_2_17_aarch64.manylinux2014_aarch64.whl", hash = "sha256:73a8a4653f2e809049999d63530180d7b5a344b23a793502413ad1ecea9a0290"},
    {file = "simplejson-3.19.2-cp37-cp37m-manylinux_2_17_ppc64le.manylinux2014_ppc64le.whl", hash = "sha256:40847f617287a38623507d08cbcb75d51cf9d4f9551dd6321df40215128325a3"},
    {file = "simplejson-3.19.2-cp37-cp37m-manylinux_2_5_i686.manylinux1_i686.manylinux_2_17_i686.manylinux2014_i686.whl", hash = "sha256:be893258d5b68dd3a8cba8deb35dc6411db844a9d35268a8d3793b9d9a256f80"},
    {file = "simplejson-3.19.2-cp37-cp37m-manylinux_2_5_x86_64.manylinux1_x86_64.manylinux_2_17_x86_64.manylinux2014_x86_64.whl", hash = "sha256:e9eb3cff1b7d71aa50c89a0536f469cb8d6dcdd585d8f14fb8500d822f3bdee4"},
    {file = "simplejson-3.19.2-cp37-cp37m-musllinux_1_1_aarch64.whl", hash = "sha256:d0f402e787e6e7ee7876c8b05e2fe6464820d9f35ba3f172e95b5f8b699f6c7f"},
    {file = "simplejson-3.19.2-cp37-cp37m-musllinux_1_1_i686.whl", hash = "sha256:fbbcc6b0639aa09b9649f36f1bcb347b19403fe44109948392fbb5ea69e48c3e"},
    {file = "simplejson-3.19.2-cp37-cp37m-musllinux_1_1_ppc64le.whl", hash = "sha256:2fc697be37585eded0c8581c4788fcfac0e3f84ca635b73a5bf360e28c8ea1a2"},
    {file = "simplejson-3.19.2-cp37-cp37m-musllinux_1_1_x86_64.whl", hash = "sha256:0b0a3eb6dd39cce23801a50c01a0976971498da49bc8a0590ce311492b82c44b"},
    {file = "simplejson-3.19.2-cp37-cp37m-win32.whl", hash = "sha256:49f9da0d6cd17b600a178439d7d2d57c5ef01f816b1e0e875e8e8b3b42db2693"},
    {file = "simplejson-3.19.2-cp37-cp37m-win_amd64.whl", hash = "sha256:c87c22bd6a987aca976e3d3e23806d17f65426191db36d40da4ae16a6a494cbc"},
    {file = "simplejson-3.19.2-cp38-cp38-macosx_10_9_universal2.whl", hash = "sha256:9e4c166f743bb42c5fcc60760fb1c3623e8fda94f6619534217b083e08644b46"},
    {file = "simplejson-3.19.2-cp38-cp38-macosx_10_9_x86_64.whl", hash = "sha256:0a48679310e1dd5c9f03481799311a65d343748fe86850b7fb41df4e2c00c087"},
    {file = "simplejson-3.19.2-cp38-cp38-macosx_11_0_arm64.whl", hash = "sha256:c0521e0f07cb56415fdb3aae0bbd8701eb31a9dfef47bb57206075a0584ab2a2"},
    {file = "simplejson-3.19.2-cp38-cp38-manylinux_2_17_aarch64.manylinux2014_aarch64.whl", hash = "sha256:0d2d5119b1d7a1ed286b8af37357116072fc96700bce3bec5bb81b2e7057ab41"},
    {file = "simplejson-3.19.2-cp38-cp38-manylinux_2_17_ppc64le.manylinux2014_ppc64le.whl", hash = "sha256:2c1467d939932901a97ba4f979e8f2642415fcf02ea12f53a4e3206c9c03bc17"},
    {file = "simplejson-3.19.2-cp38-cp38-manylinux_2_5_i686.manylinux1_i686.manylinux_2_17_i686.manylinux2014_i686.whl", hash = "sha256:49aaf4546f6023c44d7e7136be84a03a4237f0b2b5fb2b17c3e3770a758fc1a0"},
    {file = "simplejson-3.19.2-cp38-cp38-manylinux_2_5_x86_64.manylinux1_x86_64.manylinux_2_17_x86_64.manylinux2014_x86_64.whl", hash = "sha256:60848ab779195b72382841fc3fa4f71698a98d9589b0a081a9399904487b5832"},
    {file = "simplejson-3.19.2-cp38-cp38-musllinux_1_1_aarch64.whl", hash = "sha256:0436a70d8eb42bea4fe1a1c32d371d9bb3b62c637969cb33970ad624d5a3336a"},
    {file = "simplejson-3.19.2-cp38-cp38-musllinux_1_1_i686.whl", hash = "sha256:49e0e3faf3070abdf71a5c80a97c1afc059b4f45a5aa62de0c2ca0444b51669b"},
    {file = "simplejson-3.19.2-cp38-cp38-musllinux_1_1_ppc64le.whl", hash = "sha256:ff836cd4041e16003549449cc0a5e372f6b6f871eb89007ab0ee18fb2800fded"},
    {file = "simplejson-3.19.2-cp38-cp38-musllinux_1_1_x86_64.whl", hash = "sha256:3848427b65e31bea2c11f521b6fc7a3145d6e501a1038529da2391aff5970f2f"},
    {file = "simplejson-3.19.2-cp38-cp38-win32.whl", hash = "sha256:3f39bb1f6e620f3e158c8b2eaf1b3e3e54408baca96a02fe891794705e788637"},
    {file = "simplejson-3.19.2-cp38-cp38-win_amd64.whl", hash = "sha256:0405984f3ec1d3f8777c4adc33eac7ab7a3e629f3b1c05fdded63acc7cf01137"},
    {file = "simplejson-3.19.2-cp39-cp39-macosx_10_9_universal2.whl", hash = "sha256:445a96543948c011a3a47c8e0f9d61e9785df2544ea5be5ab3bc2be4bd8a2565"},
    {file = "simplejson-3.19.2-cp39-cp39-macosx_10_9_x86_64.whl", hash = "sha256:4a8c3cc4f9dfc33220246760358c8265dad6e1104f25f0077bbca692d616d358"},
    {file = "simplejson-3.19.2-cp39-cp39-macosx_11_0_arm64.whl", hash = "sha256:af9c7e6669c4d0ad7362f79cb2ab6784d71147503e62b57e3d95c4a0f222c01c"},
    {file = "simplejson-3.19.2-cp39-cp39-manylinux_2_17_aarch64.manylinux2014_aarch64.whl", hash = "sha256:064300a4ea17d1cd9ea1706aa0590dcb3be81112aac30233823ee494f02cb78a"},
    {file = "simplejson-3.19.2-cp39-cp39-manylinux_2_17_ppc64le.manylinux2014_ppc64le.whl", hash = "sha256:9453419ea2ab9b21d925d0fd7e3a132a178a191881fab4169b6f96e118cc25bb"},
    {file = "simplejson-3.19.2-cp39-cp39-manylinux_2_5_i686.manylinux1_i686.manylinux_2_17_i686.manylinux2014_i686.whl", hash = "sha256:9e038c615b3906df4c3be8db16b3e24821d26c55177638ea47b3f8f73615111c"},
    {file = "simplejson-3.19.2-cp39-cp39-manylinux_2_5_x86_64.manylinux1_x86_64.manylinux_2_17_x86_64.manylinux2014_x86_64.whl", hash = "sha256:16ca9c90da4b1f50f089e14485db8c20cbfff2d55424062791a7392b5a9b3ff9"},
    {file = "simplejson-3.19.2-cp39-cp39-musllinux_1_1_aarch64.whl", hash = "sha256:1018bd0d70ce85f165185d2227c71e3b1e446186f9fa9f971b69eee223e1e3cd"},
    {file = "simplejson-3.19.2-cp39-cp39-musllinux_1_1_i686.whl", hash = "sha256:e8dd53a8706b15bc0e34f00e6150fbefb35d2fd9235d095b4f83b3c5ed4fa11d"},
    {file = "simplejson-3.19.2-cp39-cp39-musllinux_1_1_ppc64le.whl", hash = "sha256:2d022b14d7758bfb98405672953fe5c202ea8a9ccf9f6713c5bd0718eba286fd"},
    {file = "simplejson-3.19.2-cp39-cp39-musllinux_1_1_x86_64.whl", hash = "sha256:febffa5b1eda6622d44b245b0685aff6fb555ce0ed734e2d7b1c3acd018a2cff"},
    {file = "simplejson-3.19.2-cp39-cp39-win32.whl", hash = "sha256:4edcd0bf70087b244ba77038db23cd98a1ace2f91b4a3ecef22036314d77ac23"},
    {file = "simplejson-3.19.2-cp39-cp39-win_amd64.whl", hash = "sha256:aad7405c033d32c751d98d3a65801e2797ae77fac284a539f6c3a3e13005edc4"},
    {file = "simplejson-3.19.2-py3-none-any.whl", hash = "sha256:bcedf4cae0d47839fee7de344f96b5694ca53c786f28b5f773d4f0b265a159eb"},
    {file = "simplejson-3.19.2.tar.gz", hash = "sha256:9eb442a2442ce417801c912df68e1f6ccfcd41577ae7274953ab3ad24ef7d82c"},
]

[[package]]
name = "six"
version = "1.16.0"
description = "Python 2 and 3 compatibility utilities"
optional = false
python-versions = ">=2.7, !=3.0.*, !=3.1.*, !=3.2.*"
files = [
    {file = "six-1.16.0-py2.py3-none-any.whl", hash = "sha256:8abb2f1d86890a2dfb989f9a77cfcfd3e47c2a354b01111771326f8aa26e0254"},
    {file = "six-1.16.0.tar.gz", hash = "sha256:1e61c37477a1626458e36f7b1d82aa5c9b094fa4802892072e49de9c60c4c926"},
]

[[package]]
name = "synochat"
version = "1.0.4"
description = "A library for the Synology Chat API written in Python 3."
optional = false
python-versions = ">=3.6"
files = [
    {file = "synochat-1.0.4-py3-none-any.whl", hash = "sha256:2fd753d0616fe5d3d7e69f5868ae3b3bc9697133de4717de3103a85cd14d73fc"},
    {file = "synochat-1.0.4.tar.gz", hash = "sha256:9dd231dd450d630735777bfd56a6143427421f73ae65f70ac4d487d931db7b2f"},
]

[package.dependencies]
requests = "*"

[[package]]
name = "synology-drive-api"
version = "1.0.14"
description = "synology drive api python wrapper"
optional = false
python-versions = "^3.7"
files = []
develop = false

[package.dependencies]
optionaldict = "^0.1.1"
requests = "^2.22.0"
selenium = "^3.141.0"
simplejson = "^3.17.0"

[package.source]
type = "git"
url = "https://github.com/alloant/synology-drive-api.git"
reference = "v0.1.0"
resolved_reference = "34a4b9836205785d333bf6d6557a8331605ac066"

[[package]]
name = "urllib3"
version = "2.0.7"
description = "HTTP library with thread-safe connection pooling, file post, and more."
optional = false
python-versions = ">=3.7"
files = [
    {file = "urllib3-2.0.7-py3-none-any.whl", hash = "sha256:fdb6d215c776278489906c2f8916e6e7d4f5a9b602ccbcfdf7f016fc8da0596e"},
    {file = "urllib3-2.0.7.tar.gz", hash = "sha256:c97dfde1f7bd43a71c8d2a58e369e9b2bf692d1334ea9f9cae55add7d0dd0f84"},
]

[package.extras]
brotli = ["brotli (>=1.0.9)", "brotlicffi (>=0.8.0)"]
secure = ["certifi", "cryptography (>=1.9)", "idna (>=2.0.0)", "pyopenssl (>=17.1.0)", "urllib3-secure-extra"]
socks = ["pysocks (>=1.5.6,!=1.5.7,<2.0)"]
zstd = ["zstandard (>=0.18.0)"]

[metadata]
lock-version = "2.0"
python-versions = ">=3.11,<3.13"
content-hash = "df84569ee75cff7f8c6c466b42bb9f64bcfa2b5207938651d5115f7faf8ca807"
